Microsoft Visual Studio Solution File, Format Version 12.00
# Visual Studio Version 17
VisualStudioVersion = 17.5.2.0
MinimumVisualStudioVersion = 10.0.40219.1
Project("{FAE04EC0-301F-11D3-BF4B-00C04F79EFBC}") = "PointsController", "PointsController.csproj", "{D453A15A-4699-9080-EA75-08E43EA0B7DC}"
EndProject
Global
	GlobalSection(SolutionConfigurationPlatforms) = preSolution
		Debug|Any CPU = Debug|Any CPU
		Release|Any CPU = Release|Any CPU
	EndGlobalSection
	GlobalSection(ProjectConfigurationPlatforms) = postSolution
		{D453A15A-4699-9080-EA75-08E43EA0B7DC}.Debug|Any CPU.ActiveCfg = Debug|Any CPU
		{D453A15A-4699-9080-EA75-08E43EA0B7DC}.Debug|Any CPU.Build.0 = Debug|Any CPU
		{D453A15A-4699-9080-EA75-08E43EA0B7DC}.Release|Any CPU.ActiveCfg = Release|Any CPU
		{D453A15A-4699-9080-EA75-08E43EA0B7DC}.Release|Any CPU.Build.0 = Release|Any CPU
	EndGlobalSection
	GlobalSection(SolutionProperties) = preSolution
		HideSolutionNode = FALSE
	EndGlobalSection
	GlobalSection(ExtensibilityGlobals) = postSolution
		SolutionGuid = {36F0E25C-FE9E-4208-B2E9-0C6FF6027389}
	EndGlobalSection
EndGlobal
